// !$*UTF8*$!
{
	archiveVersion = 1;
	classes = {
	};
	objectVersion = 46;
	objects = {

/* Begin PBXBuildFile section */
		D1CECF121D1B6DAA00333558 /* main.m in Sources */ = {isa = PBXBuildFile; fileRef = D1CECF111D1B6DAA00333558 /* main.m */; };
		D1CECF151D1B6DAA00333558 /* AppDelegate.m in Sources */ = {isa = PBXBuildFile; fileRef = D1CECF141D1B6DAA00333558 /* AppDelegate.m */; };
		D1CECF181D1B6DAA00333558 /* ViewController.m in Sources */ = {isa = PBXBuildFile; fileRef = D1CECF171D1B6DAA00333558 /* ViewController.m */; };
		D1CECF1B1D1B6DAA00333558 /* Main.storyboard in Resources */ = {isa = PBXBuildFile; fileRef = D1CECF191D1B6DAA00333558 /* Main.storyboard */; };
		D1CECF1D1D1B6DAA00333558 /* Assets.xcassets in Resources */ = {isa = PBXBuildFile; fileRef = D1CECF1C1D1B6DAA00333558 /* Assets.xcassets */; };
		D1CECF201D1B6DAA00333558 /* LaunchScreen.storyboard in Resources */ = {isa = PBXBuildFile; fileRef = D1CECF1E1D1B6DAA00333558 /* LaunchScreen.storyboard */; };
		D1CECF2A1D1B6DCF00333558 /* ZinkAlertActionSheet.m in Sources */ = {isa = PBXBuildFile; fileRef = D1CECF291D1B6DCF00333558 /* ZinkAlertActionSheet.m */; };
		D1CECF2D1D1B7C1000333558 /* ZinkAlertAction.m in Sources */ = {isa = PBXBuildFile; fileRef = D1CECF2C1D1B7C1000333558 /* ZinkAlertAction.m */; };
/* End PBXBuildFile section */

/* Begin PBXFileReference section */
		D1CECF0D1D1B6DAA00333558 /* Demo.app */ = {isa = PBXFileReference; explicitFileType = wrapper.application; includeInIndex = 0; path = Demo.app; sourceTree = BUILT_PRODUCTS_DIR; };
		D1CECF111D1B6DAA00333558 /* main.m */ = {isa = PBXFileReference; lastKnownFileType = sourcecode.c.objc; path = main.m; sourceTree = "<group>"; };
		D1CECF131D1B6DAA00333558 /* AppDelegate.h */ = {isa = PBXFileReference; lastKnownFileType = sourcecode.c.h; path = AppDelegate.h; sourceTree = "<group>"; };
		D1CECF141D1B6DAA00333558 /* AppDelegate.m */ = {isa = PBXFileReference; lastKnownFileType = sourcecode.c.objc; path = AppDelegate.m; sourceTree = "<group>"; };
		D1CECF161D1B6DAA00333558 /* ViewController.h */ = {isa = PBXFileReference; lastKnownFileType = sourcecode.c.h; path = ViewController.h; sourceTree = "<group>"; };
		D1CECF171D1B6DAA00333558 /* ViewController.m */ = {isa = PBXFileReference; lastKnownFileType = sourcecode.c.objc; path = ViewController.m; sourceTree = "<group>"; };
		D1CECF1A1D1B6DAA00333558 /* Base */ = {isa = PBXFileReference; lastKnownFileType = file.storyboard; name = Base; path = Base.lproj/Main.storyboard; sourceTree = "<group>"; };
		D1CECF1C1D1B6DAA00333558 /* Assets.xcassets */ = {isa = PBXFileReference; lastKnownFileType = folder.assetcatalog; path = Assets.xcassets; sourceTree = "<group>"; };
		D1CECF1F1D1B6DAA00333558 /* Base */ = {isa = PBXFileReference; lastKnownFileType = file.storyboard; name = Base; path = Base.lproj/LaunchScreen.storyboard; sourceTree = "<group>"; };
		D1CECF211D1B6DAA00333558 /* Info.plist */ = {isa = PBXFileReference; lastKnownFileType = text.plist.xml; path = Info.plist; sourceTree = "<group>"; };
		D1CECF281D1B6DCF00333558 /* ZinkAlertActionSheet.h */ = {isa = PBXFileReference; fileEncoding = 4; lastKnownFileType = sourcecode.c.h; path = ZinkAlertActionSheet.h; sourceTree = "<group>"; };
		D1CECF291D1B6DCF00333558 /* ZinkAlertActionSheet.m */ = {isa = PBXFileReference; fileEncoding = 4; lastKnownFileType = sourcecode.c.objc; path = ZinkAlertActionSheet.m; sourceTree = "<group>"; };
		D1CECF2B1D1B7C1000333558 /* ZinkAlertAction.h */ = {isa = PBXFileReference; fileEncoding = 4; lastKnownFileType = sourcecode.c.h; path = ZinkAlertAction.h; sourceTree = "<group>"; };
		D1CECF2C1D1B7C1000333558 /* ZinkAlertAction.m */ = {isa = PBXFileReference; fileEncoding = 4; lastKnownFileType = sourcecode.c.objc; path = ZinkAlertAction.m; sourceTree = "<group>"; };
/* End PBXFileReference section */

/* Begin PBXFrameworksBuildPhase section */
		D1CECF0A1D1B6DAA00333558 /* Frameworks */ = {
			isa = PBXFrameworksBuildPhase;
			buildActionMask = 2147483647;
			files = (
			);
			runOnlyForDeploymentPostprocessing = 0;
		};
/* End PBXFrameworksBuildPhase section */

/* Begin PBXGroup section */
		D1CECF041D1B6DAA00333558 = {
			isa = PBXGroup;
			children = (
				D1CECF0F1D1B6DAA00333558 /* Demo */,
				D1CECF0E1D1B6DAA00333558 /* Products */,
			);
			sourceTree = "<group>";
		};
		D1CECF0E1D1B6DAA00333558 /* Products */ = {
			isa = PBXGroup;
			children = (
				D1CECF0D1D1B6DAA00333558 /* Demo.app */,
			);
			name = Products;
			sourceTree = "<group>";
		};
		D1CECF0F1D1B6DAA00333558 /* Demo */ = {
			isa = PBXGroup;
			children = (
				D1CECF271D1B6DCF00333558 /* ZinkAlertActionSheet */,
				D1CECF131D1B6DAA00333558 /* AppDelegate.h */,
				D1CECF141D1B6DAA00333558 /* AppDelegate.m */,
				D1CECF161D1B6DAA00333558 /* ViewController.h */,
				D1CECF171D1B6DAA00333558 /* ViewController.m */,
				D1CECF191D1B6DAA00333558 /* Main.storyboard */,
				D1CECF1C1D1B6DAA00333558 /* Assets.xcassets */,
				D1CECF1E1D1B6DAA00333558 /* LaunchScreen.storyboard */,
				D1CECF211D1B6DAA00333558 /* Info.plist */,
				D1CECF101D1B6DAA00333558 /* Supporting Files */,
			);
			path = Demo;
			sourceTree = "<group>";
		};
		D1CECF101D1B6DAA00333558 /* Supporting Files */ = {
			isa = PBXGroup;
			children = (
				D1CECF111D1B6DAA00333558 /* main.m */,
			);
			name = "Supporting Files";
			sourceTree = "<group>";
		};
		D1CECF271D1B6DCF00333558 /* ZinkAlertActionSheet */ = {
			isa = PBXGroup;
			children = (
				D1CECF281D1B6DCF00333558 /* ZinkAlertActionSheet.h */,
				D1CECF291D1B6DCF00333558 /* ZinkAlertActionSheet.m */,
				D1CECF2B1D1B7C1000333558 /* ZinkAlertAction.h */,
				D1CECF2C1D1B7C1000333558 /* ZinkAlertAction.m */,
			);
			name = ZinkAlertActionSheet;
			path = ../../ZinkAlertActionSheet;
			sourceTree = "<group>";
		};
/* End PBXGroup section */

/* Begin PBXNativeTarget section */
		D1CECF0C1D1B6DAA00333558 /* Demo */ = {
			isa = PBXNativeTarget;
			buildConfigurationList = D1CECF241D1B6DAA00333558 /* Build configuration list for PBXNativeTarget "Demo" */;
			buildPhases = (
				D1CECF091D1B6DAA00333558 /* Sources */,
				D1CECF0A1D1B6DAA00333558 /* Frameworks */,
				D1CECF0B1D1B6DAA00333558 /* Resources */,
			);
			buildRules = (
			);
			dependencies = (
			);
			name = Demo;
			productName = Demo;
			productReference = D1CECF0D1D1B6DAA00333558 /* Demo.app */;
			productType = "com.apple.product-type.application";
		};
/* End PBXNativeTarget section */

/* Begin PBXProject section */
		D1CECF051D1B6DAA00333558 /* Project object */ = {
			isa = PBXProject;
			attributes = {
				LastUpgradeCheck = 0730;
				ORGANIZATIONNAME = ICBC;
				TargetAttributes = {
					D1CECF0C1D1B6DAA00333558 = {
						CreatedOnToolsVersion = 7.3.1;
					};
				};
			};
			buildConfigurationList = D1CECF081D1B6DAA00333558 /* Build configuration list for PBXProject "Demo" */;
			compatibilityVersion = "Xcode 3.2";
			developmentRegion = English;
			hasScannedForEncodings = 0;
			knownRegions = (
				en,
				Base,
			);
			mainGroup = D1CECF041D1B6DAA00333558;
			productRefGroup = D1CECF0E1D1B6DAA00333558 /* Products */;
			projectDirPath = "";
			projectRoot = "";
			targets = (
				D1CECF0C1D1B6DAA00333558 /* Demo */,
			);
		};
/* End PBXProject section */

/* Begin PBXResourcesBuildPhase section */
		D1CECF0B1D1B6DAA00333558 /* Resources */ = {
			isa = PBXResourcesBuildPhase;
			buildActionMask = 2147483647;
			files = (
				D1CECF201D1B6DAA00333558 /* LaunchScreen.storyboard in Resources */,
				D1CECF1D1D1B6DAA00333558 /* Assets.xcassets in Resources */,
				D1CECF1B1D1B6DAA00333558 /* Main.storyboard in Resources */,
			);
			runOnlyForDeploymentPostprocessing = 0;
		};
/* End PBXResourcesBuildPhase section */

/* Begin PBXSourcesBuildPhase section */
		D1CECF091D1B6DAA00333558 /* Sources */ = {
			isa = PBXSourcesBuildPhase;
			buildActionMask = 2147483647;
			files = (
				D1CECF2A1D1B6DCF00333558 /* ZinkAlertActionSheet.m in Sources */,
				D1CECF181D1B6DAA00333558 /* ViewController.m in Sources */,
				D1CECF151D1B6DAA00333558 /* AppDelegate.m in Sources */,
				D1CECF121D1B6DAA00333558 /* main.m in Sources */,
				D1CECF2D1D1B7C1000333558 /* ZinkAlertAction.m in Sources */,
			);
			runOnlyForDeploymentPostprocessing = 0;
		};
/* End PBXSourcesBuildPhase section */

/* Begin PBXVariantGroup section */
		D1CECF191D1B6DAA00333558 /* Main.storyboard */ = {
			isa = PBXVariantGroup;
			children = (
				D1CECF1A1D1B6DAA00333558 /* Base */,
			);
			name = Main.storyboard;
			sourceTree = "<group>";
		};
		D1CECF1E1D1B6DAA00333558 /* LaunchScreen.storyboard */ = {
			isa = PBXVariantGroup;
			children = (
				D1CECF1F1D1B6DAA00333558 /* Base */,
			);
			name = LaunchScreen.storyboard;
			sourceTree = "<group>";
		};
/* End PBXVariantGroup section */

/* Begin XCBuildConfiguration section */
		D1CECF221D1B6DAA00333558 /* Debug */ = {
			isa = XCBuildConfiguration;
			buildSettings = {
				ALWAYS_SEARCH_USER_PATHS = NO;
				CLANG_ANALYZER_NONNULL = YES;
				CLANG_CXX_LANGUAGE_STANDARD = "gnu++0x";
				CLANG_CXX_LIBRARY = "libc++";
				CLANG_ENABLE_MODULES = YES;
				CLANG_ENABLE_OBJC_ARC = YES;
				CLANG_WARN_BOOL_CONVERSION = YES;
				CLANG_WARN_CONSTANT_CONVERSION = YES;
				CLANG_WARN_DIRECT_OBJC_ISA_USAGE = YES_ERROR;
				CLANG_WARN_EMPTY_BODY = YES;
				CLANG_WARN_ENUM_CONVERSION = YES;
				CLANG_WARN_INT_CONVERSION = YES;
				CLANG_WARN_OBJC_ROOT_CLASS = YES_ERROR;
				CLANG_WARN_UNREACHABLE_CODE = YES;
				CLANG_WARN__DUPLICATE_METHOD_MATCH = YES;
				"CODE_SIGN_IDENTITY[sdk=iphoneos*]" = "iPhone Developer";
				COPY_PHASE_STRIP = NO;
				DEBUG_INFORMATION_FORMAT = dwarf;
				ENABLE_STRICT_OBJC_MSGSEND = YES;
				ENABLE_TESTABILITY = YES;
				GCC_C_LANGUAGE_STANDARD = gnu99;
				GCC_DYNAMIC_NO_PIC = NO;
				GCC_NO_COMMON_BLOCKS = YES;
				GCC_OPTIMIZATION_LEVEL = 0;
				GCC_PREPROCESSOR_DEFINITIONS = (
					"DEBUG=1",
					"$(inherited)",
				);
				GCC_WARN_64_TO_32_BIT_CONVERSION = YES;
				GCC_WARN_ABOUT_RETURN_TYPE = YES_ERROR;
				GCC_WARN_UNDECLARED_SELECTOR = YES;
				GCC_WARN_UNINITIALIZED_AUTOS = YES_AGGRESSIVE;
				GCC_WARN_UNUSED_FUNCTION = YES;
				GCC_WARN_UNUSED_VARIABLE = YES;
				IPHONEOS_DEPLOYMENT_TARGET = 9.3;
				MTL_ENABLE_DEBUG_INFO = YES;
				ONLY_ACTIVE_ARCH = YES;
				SDKROOT = iphoneos;
			};
			name = Debug;
		};
		D1CECF231D1B6DAA00333558 /* Release */ = {
			isa = XCBuildConfiguration;
			buildSettings = {
				ALWAYS_SEARCH_USER_PATHS = NO;
				CLANG_ANALYZER_NONNULL = YES;
				CLANG_CXX_LANGUAGE_STANDARD = "gnu++0x";
				CLANG_CXX_LIBRARY = "libc++";
				CLANG_ENABLE_MODULES = YES;
				CLANG_ENABLE_OBJC_ARC = YES;
				CLANG_WARN_BOOL_CONVERSION = YES;
				CLANG_WARN_CONSTANT_CONVERSION = YES;
				CLANG_WARN_DIRECT_OBJC_ISA_USAGE = YES_ERROR;
				CLANG_WARN_EMPTY_BODY = YES;
				CLANG_WARN_ENUM_CONVERSION = YES;
				CLANG_WARN_INT_CONVERSION = YES;
				CLANG_WARN_OBJC_ROOT_CLASS = YES_ERROR;
				CLANG_WARN_UNREACHABLE_CODE = YES;
				CLANG_WARN__DUPLICATE_METHOD_MATCH = YES;
				"CODE_SIGN_IDENTITY[sdk=iphoneos*]" = "iPhone Developer";
				COPY_PHASE_STRIP = NO;
				DEBUG_INFORMATION_FORMAT = "dwarf-with-dsym";
				ENABLE_NS_ASSERTIONS = NO;
				ENABLE_STRICT_OBJC_MSGSEND = YES;
				GCC_C_LANGUAGE_STANDARD = gnu99;
				GCC_NO_COMMON_BLOCKS = YES;
				GCC_WARN_64_TO_32_BIT_CONVERSION = YES;
				GCC_WARN_ABOUT_RETURN_TYPE = YES_ERROR;
				GCC_WARN_UNDECLARED_SELECTOR = YES;
				GCC_WARN_UNINITIALIZED_AUTOS = YES_AGGRESSIVE;
				GCC_WARN_UNUSED_FUNCTION = YES;
				GCC_WARN_UNUSED_VARIABLE = YES;
				IPHONEOS_DEPLOYMENT_TARGET = 9.3;
				MTL_ENABLE_DEBUG_INFO = NO;
				SDKROOT = iphoneos;
				VALIDATE_PRODUCT = YES;
			};
			name = Release;
		};
		D1CECF251D1B6DAA00333558 /* Debug */ = {
			isa = XCBuildConfiguration;
			buildSettings = {
				ASSETCATALOG_COMPILER_APPICON_NAME = AppIcon;
				INFOPLIST_FILE = Demo/Info.plist;
				IPHONEOS_DEPLOYMENT_TARGET = 6.0;
				LD_RUNPATH_SEARCH_PATHS = "$(inherited) @executable_path/Frameworks";
				PRODUCT_BUNDLE_IDENTIFIER = ICBC.Demo;
				PRODUCT_NAME = "$(TARGET_NAME)";
			};
			name = Debug;
		};
		D1CECF261D1B6DAA00333558 /* Release */ = {
			isa = XCBuildConfiguration;
			buildSettings = {
				ASSETCATALOG_COMPILER_APPICON_NAME = AppIcon;
				INFOPLIST_FILE = Demo/Info.plist;
				IPHONEOS_DEPLOYMENT_TARGET = 6.0;
				LD_RUNPATH_SEARCH_PATHS = "$(inherited) @executable_path/Frameworks";
				PRODUCT_BUNDLE_IDENTIFIER = ICBC.Demo;
				PRODUCT_NAME = "$(TARGET_NAME)";
			};
			name = Release;
		};
/* End XCBuildConfiguration section */

/* Begin XCConfigurationList section */
		D1CECF081D1B6DAA00333558 /* Build configuration list for PBXProject "Demo" */ = {
			isa = XCConfigurationList;
			buildConfigurations = (
				D1CECF221D1B6DAA00333558 /* Debug */,
				D1CECF231D1B6DAA00333558 /* Release */,
			);
			defaultConfigurationIsVisible = 0;
			defaultConfigurationName = Release;
		};
		D1CECF241D1B6DAA00333558 /* Build configuration list for PBXNativeTarget "Demo" */ = {
			isa = XCConfigurationList;
			buildConfigurations = (
				D1CECF251D1B6DAA00333558 /* Debug */,
				D1CECF261D1B6DAA00333558 /* Release */,
			);
			defaultConfigurationIsVisible = 0;
			defaultConfigurationName = Release;
		};
/* End XCConfigurationList section */
	};
	rootObject = D1CECF051D1B6DAA00333558 /* Project object */;
}
